
Microsoft Visual Studio Solution File, Format Version 12.00
# Visual Studio Version 17
VisualStudioVersion = 17.0.31903.59
MinimumVisualStudioVersion = 10.0.40219.1
Project("{2150E333-8FDC-42A3-9474-1A3956D46DE8}") = "src", "src", "{827E0CD3-B72D-47B6-A68D-7590B98EB39B}"
EndProject
Project("{FAE04EC0-301F-11D3-BF4B-00C04F79EFBC}") = "BPOPlatform.Api", "src\BPOPlatform.Api\BPOPlatform.Api.csproj", "{E142E983-BB87-4BB7-A7BC-2956AF171174}"
EndProject
Project("{FAE04EC0-301F-11D3-BF4B-00C04F79EFBC}") = "BPOPlatform.Web", "src\BPOPlatform.Web\BPOPlatform.Web.csproj", "{07703B06-4BE6-4E51-BA34-D3A680DBD4F2}"
EndProject
Project("{FAE04EC0-301F-11D3-BF4B-00C04F79EFBC}") = "BPOPlatform.Application", "src\BPOPlatform.Application\BPOPlatform.Application.csproj", "{778F0A3C-9549-4DE1-80E4-D2D7AEC07C27}"
EndProject
Project("{FAE04EC0-301F-11D3-BF4B-00C04F79EFBC}") = "BPOPlatform.Domain", "src\BPOPlatform.Domain\BPOPlatform.Domain.csproj", "{AABCE8B6-1D93-4C0F-AA7B-B158BB008EA0}"
EndProject
Project("{FAE04EC0-301F-11D3-BF4B-00C04F79EFBC}") = "BPOPlatform.Infrastructure", "src\BPOPlatform.Infrastructure\BPOPlatform.Infrastructure.csproj", "{106D585A-6B1F-40C8-909A-E298285A8F4F}"
EndProject
Project("{FAE04EC0-301F-11D3-BF4B-00C04F79EFBC}") = "BPOPlatform.Functions", "src\BPOPlatform.Functions\BPOPlatform.Functions.csproj", "{932C300B-2866-4E29-9720-2F1A91482930}"
EndProject
Project("{FAE04EC0-301F-11D3-BF4B-00C04F79EFBC}") = "BPOPlatform.IntegrationTests", "src\BPOPlatform.IntegrationTests\BPOPlatform.IntegrationTests.csproj", "{B6C17A00-92B3-46F3-BF51-64FA116CB793}"
EndProject
Project("{FAE04EC0-301F-11D3-BF4B-00C04F79EFBC}") = "BPOPlatform.UnitTests", "src\BPOPlatform.UnitTests\BPOPlatform.UnitTests.csproj", "{F7C97695-5D74-4DFC-8E2D-90E7220CE68A}"
EndProject
Project("{2150E333-8FDC-42A3-9474-1A3956D46DE8}") = "Tests", "Tests", "{0AB3BF05-4346-4AA6-1389-037BE0695223}"
EndProject
Project("{2150E333-8FDC-42A3-9474-1A3956D46DE8}") = "Serverless", "Serverless", "{08439EDA-04D3-7B71-B9E7-A37852FCF87D}"
EndProject
Global
	GlobalSection(SolutionConfigurationPlatforms) = preSolution
		Debug|Any CPU = Debug|Any CPU
		Debug|x64 = Debug|x64
		Debug|x86 = Debug|x86
		Release|Any CPU = Release|Any CPU
		Release|x64 = Release|x64
		Release|x86 = Release|x86
	EndGlobalSection
	GlobalSection(ProjectConfigurationPlatforms) = postSolution
		{E142E983-BB87-4BB7-A7BC-2956AF171174}.Debug|Any CPU.ActiveCfg = Debug|Any CPU
		{E142E983-BB87-4BB7-A7BC-2956AF171174}.Debug|Any CPU.Build.0 = Debug|Any CPU
		{E142E983-BB87-4BB7-A7BC-2956AF171174}.Debug|x64.ActiveCfg = Debug|Any CPU
		{E142E983-BB87-4BB7-A7BC-2956AF171174}.Debug|x64.Build.0 = Debug|Any CPU
		{E142E983-BB87-4BB7-A7BC-2956AF171174}.Debug|x86.ActiveCfg = Debug|Any CPU
		{E142E983-BB87-4BB7-A7BC-2956AF171174}.Debug|x86.Build.0 = Debug|Any CPU
		{E142E983-BB87-4BB7-A7BC-2956AF171174}.Release|Any CPU.ActiveCfg = Release|Any CPU
		{E142E983-BB87-4BB7-A7BC-2956AF171174}.Release|Any CPU.Build.0 = Release|Any CPU
		{E142E983-BB87-4BB7-A7BC-2956AF171174}.Release|x64.ActiveCfg = Release|Any CPU
		{E142E983-BB87-4BB7-A7BC-2956AF171174}.Release|x64.Build.0 = Release|Any CPU
		{E142E983-BB87-4BB7-A7BC-2956AF171174}.Release|x86.ActiveCfg = Release|Any CPU
		{E142E983-BB87-4BB7-A7BC-2956AF171174}.Release|x86.Build.0 = Release|Any CPU
		{07703B06-4BE6-4E51-BA34-D3A680DBD4F2}.Debug|Any CPU.ActiveCfg = Debug|Any CPU
		{07703B06-4BE6-4E51-BA34-D3A680DBD4F2}.Debug|Any CPU.Build.0 = Debug|Any CPU
		{07703B06-4BE6-4E51-BA34-D3A680DBD4F2}.Debug|x64.ActiveCfg = Debug|Any CPU
		{07703B06-4BE6-4E51-BA34-D3A680DBD4F2}.Debug|x64.Build.0 = Debug|Any CPU
		{07703B06-4BE6-4E51-BA34-D3A680DBD4F2}.Debug|x86.ActiveCfg = Debug|Any CPU
		{07703B06-4BE6-4E51-BA34-D3A680DBD4F2}.Debug|x86.Build.0 = Debug|Any CPU
		{07703B06-4BE6-4E51-BA34-D3A680DBD4F2}.Release|Any CPU.ActiveCfg = Release|Any CPU
		{07703B06-4BE6-4E51-BA34-D3A680DBD4F2}.Release|Any CPU.Build.0 = Release|Any CPU
		{07703B06-4BE6-4E51-BA34-D3A680DBD4F2}.Release|x64.ActiveCfg = Release|Any CPU
		{07703B06-4BE6-4E51-BA34-D3A680DBD4F2}.Release|x64.Build.0 = Release|Any CPU
		{07703B06-4BE6-4E51-BA34-D3A680DBD4F2}.Release|x86.ActiveCfg = Release|Any CPU
		{07703B06-4BE6-4E51-BA34-D3A680DBD4F2}.Release|x86.Build.0 = Release|Any CPU
		{778F0A3C-9549-4DE1-80E4-D2D7AEC07C27}.Debug|Any CPU.ActiveCfg = Debug|Any CPU
		{778F0A3C-9549-4DE1-80E4-D2D7AEC07C27}.Debug|Any CPU.Build.0 = Debug|Any CPU
		{778F0A3C-9549-4DE1-80E4-D2D7AEC07C27}.Debug|x64.ActiveCfg = Debug|Any CPU
		{778F0A3C-9549-4DE1-80E4-D2D7AEC07C27}.Debug|x64.Build.0 = Debug|Any CPU
		{778F0A3C-9549-4DE1-80E4-D2D7AEC07C27}.Debug|x86.ActiveCfg = Debug|Any CPU
		{778F0A3C-9549-4DE1-80E4-D2D7AEC07C27}.Debug|x86.Build.0 = Debug|Any CPU
		{778F0A3C-9549-4DE1-80E4-D2D7AEC07C27}.Release|Any CPU.ActiveCfg = Release|Any CPU
		{778F0A3C-9549-4DE1-80E4-D2D7AEC07C27}.Release|Any CPU.Build.0 = Release|Any CPU
		{778F0A3C-9549-4DE1-80E4-D2D7AEC07C27}.Release|x64.ActiveCfg = Release|Any CPU
		{778F0A3C-9549-4DE1-80E4-D2D7AEC07C27}.Release|x64.Build.0 = Release|Any CPU
		{778F0A3C-9549-4DE1-80E4-D2D7AEC07C27}.Release|x86.ActiveCfg = Release|Any CPU
		{778F0A3C-9549-4DE1-80E4-D2D7AEC07C27}.Release|x86.Build.0 = Release|Any CPU
		{AABCE8B6-1D93-4C0F-AA7B-B158BB008EA0}.Debug|Any CPU.ActiveCfg = Debug|Any CPU
		{AABCE8B6-1D93-4C0F-AA7B-B158BB008EA0}.Debug|Any CPU.Build.0 = Debug|Any CPU
		{AABCE8B6-1D93-4C0F-AA7B-B158BB008EA0}.Debug|x64.ActiveCfg = Debug|Any CPU
		{AABCE8B6-1D93-4C0F-AA7B-B158BB008EA0}.Debug|x64.Build.0 = Debug|Any CPU
		{AABCE8B6-1D93-4C0F-AA7B-B158BB008EA0}.Debug|x86.ActiveCfg = Debug|Any CPU
		{AABCE8B6-1D93-4C0F-AA7B-B158BB008EA0}.Debug|x86.Build.0 = Debug|Any CPU
		{AABCE8B6-1D93-4C0F-AA7B-B158BB008EA0}.Release|Any CPU.ActiveCfg = Release|Any CPU
		{AABCE8B6-1D93-4C0F-AA7B-B158BB008EA0}.Release|Any CPU.Build.0 = Release|Any CPU
		{AABCE8B6-1D93-4C0F-AA7B-B158BB008EA0}.Release|x64.ActiveCfg = Release|Any CPU
		{AABCE8B6-1D93-4C0F-AA7B-B158BB008EA0}.Release|x64.Build.0 = Release|Any CPU
		{AABCE8B6-1D93-4C0F-AA7B-B158BB008EA0}.Release|x86.ActiveCfg = Release|Any CPU
		{AABCE8B6-1D93-4C0F-AA7B-B158BB008EA0}.Release|x86.Build.0 = Release|Any CPU
		{106D585A-6B1F-40C8-909A-E298285A8F4F}.Debug|Any CPU.ActiveCfg = Debug|Any CPU
		{106D585A-6B1F-40C8-909A-E298285A8F4F}.Debug|Any CPU.Build.0 = Debug|Any CPU
		{106D585A-6B1F-40C8-909A-E298285A8F4F}.Debug|x64.ActiveCfg = Debug|Any CPU
		{106D585A-6B1F-40C8-909A-E298285A8F4F}.Debug|x64.Build.0 = Debug|Any CPU
		{106D585A-6B1F-40C8-909A-E298285A8F4F}.Debug|x86.ActiveCfg = Debug|Any CPU
		{106D585A-6B1F-40C8-909A-E298285A8F4F}.Debug|x86.Build.0 = Debug|Any CPU
		{106D585A-6B1F-40C8-909A-E298285A8F4F}.Release|Any CPU.ActiveCfg = Release|Any CPU
		{106D585A-6B1F-40C8-909A-E298285A8F4F}.Release|Any CPU.Build.0 = Release|Any CPU
		{106D585A-6B1F-40C8-909A-E298285A8F4F}.Release|x64.ActiveCfg = Release|Any CPU
		{106D585A-6B1F-40C8-909A-E298285A8F4F}.Release|x64.Build.0 = Release|Any CPU
		{106D585A-6B1F-40C8-909A-E298285A8F4F}.Release|x86.ActiveCfg = Release|Any CPU
		{106D585A-6B1F-40C8-909A-E298285A8F4F}.Release|x86.Build.0 = Release|Any CPU
		{932C300B-2866-4E29-9720-2F1A91482930}.Debug|Any CPU.ActiveCfg = Debug|Any CPU
		{932C300B-2866-4E29-9720-2F1A91482930}.Debug|Any CPU.Build.0 = Debug|Any CPU
		{932C300B-2866-4E29-9720-2F1A91482930}.Debug|x64.ActiveCfg = Debug|Any CPU
		{932C300B-2866-4E29-9720-2F1A91482930}.Debug|x64.Build.0 = Debug|Any CPU
		{932C300B-2866-4E29-9720-2F1A91482930}.Debug|x86.ActiveCfg = Debug|Any CPU
		{932C300B-2866-4E29-9720-2F1A91482930}.Debug|x86.Build.0 = Debug|Any CPU
		{932C300B-2866-4E29-9720-2F1A91482930}.Release|Any CPU.ActiveCfg = Release|Any CPU
		{932C300B-2866-4E29-9720-2F1A91482930}.Release|Any CPU.Build.0 = Release|Any CPU
		{932C300B-2866-4E29-9720-2F1A91482930}.Release|x64.ActiveCfg = Release|Any CPU
		{932C300B-2866-4E29-9720-2F1A91482930}.Release|x64.Build.0 = Release|Any CPU
		{932C300B-2866-4E29-9720-2F1A91482930}.Release|x86.ActiveCfg = Release|Any CPU
		{932C300B-2866-4E29-9720-2F1A91482930}.Release|x86.Build.0 = Release|Any CPU
		{B6C17A00-92B3-46F3-BF51-64FA116CB793}.Debug|Any CPU.ActiveCfg = Debug|Any CPU
		{B6C17A00-92B3-46F3-BF51-64FA116CB793}.Debug|Any CPU.Build.0 = Debug|Any CPU
		{B6C17A00-92B3-46F3-BF51-64FA116CB793}.Debug|x64.ActiveCfg = Debug|Any CPU
		{B6C17A00-92B3-46F3-BF51-64FA116CB793}.Debug|x64.Build.0 = Debug|Any CPU
		{B6C17A00-92B3-46F3-BF51-64FA116CB793}.Debug|x86.ActiveCfg = Debug|Any CPU
		{B6C17A00-92B3-46F3-BF51-64FA116CB793}.Debug|x86.Build.0 = Debug|Any CPU
		{B6C17A00-92B3-46F3-BF51-64FA116CB793}.Release|Any CPU.ActiveCfg = Release|Any CPU
		{B6C17A00-92B3-46F3-BF51-64FA116CB793}.Release|Any CPU.Build.0 = Release|Any CPU
		{B6C17A00-92B3-46F3-BF51-64FA116CB793}.Release|x64.ActiveCfg = Release|Any CPU
		{B6C17A00-92B3-46F3-BF51-64FA116CB793}.Release|x64.Build.0 = Release|Any CPU
		{B6C17A00-92B3-46F3-BF51-64FA116CB793}.Release|x86.ActiveCfg = Release|Any CPU
		{B6C17A00-92B3-46F3-BF51-64FA116CB793}.Release|x86.Build.0 = Release|Any CPU
		{F7C97695-5D74-4DFC-8E2D-90E7220CE68A}.Debug|Any CPU.ActiveCfg = Debug|Any CPU
		{F7C97695-5D74-4DFC-8E2D-90E7220CE68A}.Debug|Any CPU.Build.0 = Debug|Any CPU
		{F7C97695-5D74-4DFC-8E2D-90E7220CE68A}.Debug|x64.ActiveCfg = Debug|Any CPU
		{F7C97695-5D74-4DFC-8E2D-90E7220CE68A}.Debug|x64.Build.0 = Debug|Any CPU
		{F7C97695-5D74-4DFC-8E2D-90E7220CE68A}.Debug|x86.ActiveCfg = Debug|Any CPU
		{F7C97695-5D74-4DFC-8E2D-90E7220CE68A}.Debug|x86.Build.0 = Debug|Any CPU
		{F7C97695-5D74-4DFC-8E2D-90E7220CE68A}.Release|Any CPU.ActiveCfg = Release|Any CPU
		{F7C97695-5D74-4DFC-8E2D-90E7220CE68A}.Release|Any CPU.Build.0 = Release|Any CPU
		{F7C97695-5D74-4DFC-8E2D-90E7220CE68A}.Release|x64.ActiveCfg = Release|Any CPU
		{F7C97695-5D74-4DFC-8E2D-90E7220CE68A}.Release|x64.Build.0 = Release|Any CPU
		{F7C97695-5D74-4DFC-8E2D-90E7220CE68A}.Release|x86.ActiveCfg = Release|Any CPU
		{F7C97695-5D74-4DFC-8E2D-90E7220CE68A}.Release|x86.Build.0 = Release|Any CPU
	EndGlobalSection
	GlobalSection(SolutionProperties) = preSolution
		HideSolutionNode = FALSE
	EndGlobalSection
	GlobalSection(NestedProjects) = preSolution
		{E142E983-BB87-4BB7-A7BC-2956AF171174} = {827E0CD3-B72D-47B6-A68D-7590B98EB39B}
		{07703B06-4BE6-4E51-BA34-D3A680DBD4F2} = {827E0CD3-B72D-47B6-A68D-7590B98EB39B}
		{778F0A3C-9549-4DE1-80E4-D2D7AEC07C27} = {827E0CD3-B72D-47B6-A68D-7590B98EB39B}
		{AABCE8B6-1D93-4C0F-AA7B-B158BB008EA0} = {827E0CD3-B72D-47B6-A68D-7590B98EB39B}
		{106D585A-6B1F-40C8-909A-E298285A8F4F} = {827E0CD3-B72D-47B6-A68D-7590B98EB39B}
		{932C300B-2866-4E29-9720-2F1A91482930} = {827E0CD3-B72D-47B6-A68D-7590B98EB39B}
		{B6C17A00-92B3-46F3-BF51-64FA116CB793} = {827E0CD3-B72D-47B6-A68D-7590B98EB39B}
		{F7C97695-5D74-4DFC-8E2D-90E7220CE68A} = {827E0CD3-B72D-47B6-A68D-7590B98EB39B}
	EndGlobalSection
EndGlobal
