<Solution>
  <Project Path="BPOPlatform.Api/BPOPlatform.Api.csproj" />
  <Project Path="BPOPlatform.Application/BPOPlatform.Application.csproj" />
  <Project Path="BPOPlatform.Domain/BPOPlatform.Domain.csproj" />
  <Project Path="BPOPlatform.Functions/BPOPlatform.Functions.csproj" />
  <Project Path="BPOPlatform.Infrastructure/BPOPlatform.Infrastructure.csproj" />
</Solution>
